
Microsoft Visual Studio Solution File, Format Version 12.00
# Visual Studio Version 17
VisualStudioVersion = 17.11.35219.272
MinimumVisualStudioVersion = 10.0.40219.1
Project("{FAE04EC0-301F-11D3-BF4B-00C04F79EFBC}") = "WebApi", "WebApi\WebApi.csproj", "{AC7AFF87-7BA2-4469-808B-AC76EBE794B9}"
EndProject
Global
	GlobalSection(SolutionConfigurationPlatforms) = preSolution
		Debug|Any CPU = Debug|Any CPU
		Release|Any CPU = Release|Any CPU
	EndGlobalSection
	GlobalSection(ProjectConfigurationPlatforms) = postSolution
		{AC7AFF87-7BA2-4469-808B-AC76EBE794B9}.Debug|Any CPU.ActiveCfg = Debug|Any CPU
		{AC7AFF87-7BA2-4469-808B-AC76EBE794B9}.Debug|Any CPU.Build.0 = Debug|Any CPU
		{AC7AFF87-7BA2-4469-808B-AC76EBE794B9}.Release|Any CPU.ActiveCfg = Release|Any CPU
		{AC7AFF87-7BA2-4469-808B-AC76EBE794B9}.Release|Any CPU.Build.0 = Release|Any CPU
	EndGlobalSection
	GlobalSection(SolutionProperties) = preSolution
		HideSolutionNode = FALSE
	EndGlobalSection
	GlobalSection(ExtensibilityGlobals) = postSolution
		SolutionGuid = {013004CE-3BD9-416F-8D43-AFB9233BAE4A}
	EndGlobalSection
EndGlobal
